
Microsoft Visual Studio Solution File, Format Version 12.00
# Visual Studio Version 17
VisualStudioVersion = 17.5.002.0
MinimumVisualStudioVersion = 10.0.40219.1
Project("{9A19103F-16F7-4668-BE54-9A1E7A4F7556}") = "01", "01.csproj", "{E81C6D56-BD79-4837-8437-66254E1C9922}"
EndProject
Global
	GlobalSection(SolutionConfigurationPlatforms) = preSolution
		Debug|Any CPU = Debug|Any CPU
		Release|Any CPU = Release|Any CPU
	EndGlobalSection
	GlobalSection(ProjectConfigurationPlatforms) = postSolution
		{E81C6D56-BD79-4837-8437-66254E1C9922}.Debug|Any CPU.ActiveCfg = Debug|Any CPU
		{E81C6D56-BD79-4837-8437-66254E1C9922}.Debug|Any CPU.Build.0 = Debug|Any CPU
		{E81C6D56-BD79-4837-8437-66254E1C9922}.Release|Any CPU.ActiveCfg = Release|Any CPU
		{E81C6D56-BD79-4837-8437-66254E1C9922}.Release|Any CPU.Build.0 = Release|Any CPU
	EndGlobalSection
	GlobalSection(SolutionProperties) = preSolution
		HideSolutionNode = FALSE
	EndGlobalSection
	GlobalSection(ExtensibilityGlobals) = postSolution
		SolutionGuid = {19A124B9-023F-41C1-9801-D9863DB1ABDB}
	EndGlobalSection
EndGlobal
